
Microsoft Visual Studio Solution File, Format Version 12.00
# Visual Studio 15
VisualStudioVersion = 15.0.28010.2026
MinimumVisualStudioVersion = 10.0.40219.1
Project("{FAE04EC0-301F-11D3-BF4B-00C04F79EFBC}") = "SRP", "..\SRP\SRP.csproj", "{5C63E2BB-B278-443D-A9C7-2BFBE9A3D9C9}"
EndProject
Project("{FAE04EC0-301F-11D3-BF4B-00C04F79EFBC}") = "Composite", "Composite\Composite.csproj", "{C4ACB215-2A4F-40BD-AD37-4555587F58C8}"
EndProject
Global
	GlobalSection(SolutionConfigurationPlatforms) = preSolution
		Debug|Any CPU = Debug|Any CPU
		Release|Any CPU = Release|Any CPU
	EndGlobalSection
	GlobalSection(ProjectConfigurationPlatforms) = postSolution
		{5C63E2BB-B278-443D-A9C7-2BFBE9A3D9C9}.Debug|Any CPU.ActiveCfg = Debug|Any CPU
		{5C63E2BB-B278-443D-A9C7-2BFBE9A3D9C9}.Debug|Any CPU.Build.0 = Debug|Any CPU
		{5C63E2BB-B278-443D-A9C7-2BFBE9A3D9C9}.Release|Any CPU.ActiveCfg = Release|Any CPU
		{5C63E2BB-B278-443D-A9C7-2BFBE9A3D9C9}.Release|Any CPU.Build.0 = Release|Any CPU
		{C4ACB215-2A4F-40BD-AD37-4555587F58C8}.Debug|Any CPU.ActiveCfg = Debug|Any CPU
		{C4ACB215-2A4F-40BD-AD37-4555587F58C8}.Debug|Any CPU.Build.0 = Debug|Any CPU
		{C4ACB215-2A4F-40BD-AD37-4555587F58C8}.Release|Any CPU.ActiveCfg = Release|Any CPU
		{C4ACB215-2A4F-40BD-AD37-4555587F58C8}.Release|Any CPU.Build.0 = Release|Any CPU
	EndGlobalSection
	GlobalSection(SolutionProperties) = preSolution
		HideSolutionNode = FALSE
	EndGlobalSection
	GlobalSection(ExtensibilityGlobals) = postSolution
		SolutionGuid = {AF2C21D7-6B41-48BA-9F32-390BD5E0E044}
	EndGlobalSection
EndGlobal
